// !$*UTF8*$!
{
	archiveVersion = 1;
	classes = {
	};
	objectVersion = 77;
	objects = {

/* Begin PBXBuildFile section */
		B41D0FAE2EE633EE00DB427C /* Assets.xcassets in Resources */ = {isa = PBXBuildFile; fileRef = B41D0FA22EE633EE00DB427C /* Assets.xcassets */; };
		B41D0FB02EE633EE00DB427C /* JazzReferenceMacApp.swift in Sources */ = {isa = PBXBuildFile; fileRef = B41D0FA62EE633EE00DB427C /* JazzReferenceMacApp.swift */; };
		B41D0FB12EE633EE00DB427C /* PerformerDetailView.swift in Sources */ = {isa = PBXBuildFile; fileRef = B41D0FA82EE633EE00DB427C /* PerformerDetailView.swift */; };
		B41D0FB22EE633EE00DB427C /* SongDetailView.swift in Sources */ = {isa = PBXBuildFile; fileRef = B41D0FAB2EE633EE00DB427C /* SongDetailView.swift */; };
		B41D0FB32EE633EE00DB427C /* RecordingDetailView.swift in Sources */ = {isa = PBXBuildFile; fileRef = B41D0FA92EE633EE00DB427C /* RecordingDetailView.swift */; };
		B41D0FB42EE633EE00DB427C /* SongsListView.swift in Sources */ = {isa = PBXBuildFile; fileRef = B41D0FAC2EE633EE00DB427C /* SongsListView.swift */; };
		B41D0FB52EE633EE00DB427C /* ArtistsListView.swift in Sources */ = {isa = PBXBuildFile; fileRef = B41D0FA72EE633EE00DB427C /* ArtistsListView.swift */; };
		B41D0FB62EE633EE00DB427C /* RecordingsListView.swift in Sources */ = {isa = PBXBuildFile; fileRef = B41D0FAA2EE633EE00DB427C /* RecordingsListView.swift */; };
		B41D0FB72EE633EE00DB427C /* ContentView.swift in Sources */ = {isa = PBXBuildFile; fileRef = B41D0FA32EE633EE00DB427C /* ContentView.swift */; };
		B42E87D42F09B5F20012F32C /* MacOnboardingView.swift in Sources */ = {isa = PBXBuildFile; fileRef = B42E87D32F09B5F20012F32C /* MacOnboardingView.swift */; };
		B45A16A52F08800600259452 /* MacResetPasswordView.swift in Sources */ = {isa = PBXBuildFile; fileRef = B45A16A42F08800600259452 /* MacResetPasswordView.swift */; };
		B45A16A62F08800600259452 /* MacForgotPasswordView.swift in Sources */ = {isa = PBXBuildFile; fileRef = B45A16A12F08800600259452 /* MacForgotPasswordView.swift */; };
		B45A16A72F08800600259452 /* MacLoginView.swift in Sources */ = {isa = PBXBuildFile; fileRef = B45A16A22F08800600259452 /* MacLoginView.swift */; };
		B45A16A82F08800600259452 /* MacRegisterView.swift in Sources */ = {isa = PBXBuildFile; fileRef = B45A16A32F08800600259452 /* MacRegisterView.swift */; };
		B45A16AB2F08802C00259452 /* GoogleSignIn in Frameworks */ = {isa = PBXBuildFile; productRef = B45A16AA2F08802C00259452 /* GoogleSignIn */; };
		B45A16AD2F08802C00259452 /* GoogleSignInSwift in Frameworks */ = {isa = PBXBuildFile; productRef = B45A16AC2F08802C00259452 /* GoogleSignInSwift */; };
		B45A16B02F08876C00259452 /* MacAddToRepertoireSheet.swift in Sources */ = {isa = PBXBuildFile; fileRef = B45A16AE2F08876C00259452 /* MacAddToRepertoireSheet.swift */; };
		B45A16B12F08876C00259452 /* MacCreateRepertoireView.swift in Sources */ = {isa = PBXBuildFile; fileRef = B45A16AF2F08876C00259452 /* MacCreateRepertoireView.swift */; };
		B4C535842ECE5FFF0030A127 /* GoogleSignIn in Frameworks */ = {isa = PBXBuildFile; productRef = B4C535832ECE5FFF0030A127 /* GoogleSignIn */; };
		B4C535862ECE5FFF0030A127 /* GoogleSignInSwift in Frameworks */ = {isa = PBXBuildFile; productRef = B4C535852ECE5FFF0030A127 /* GoogleSignInSwift */; };
		B4D3BAB12F0D7983007CB0DD /* MacSearchBar.swift in Sources */ = {isa = PBXBuildFile; fileRef = B4D3BAB02F0D7983007CB0DD /* MacSearchBar.swift */; };
		B4EE328C2EB3ED5E00C643D1 /* MusicBrainzImporter.appex in Embed App Extensions */ = {isa = PBXBuildFile; fileRef = B4911D2A2EB316F600326CA7 /* MusicBrainzImporter.appex */; settings = {ATTRIBUTES = (RemoveHeadersOnCopy, ); }; };
		B4F38C242EC166A800231130 /* YouTubePlayerKit in Frameworks */ = {isa = PBXBuildFile; productRef = B4F38C232EC166A800231130 /* YouTubePlayerKit */; };
/* End PBXBuildFile section */

/* Begin PBXContainerItemProxy section */
		B4C1604E2E91B03700EB8D2C /* PBXContainerItemProxy */ = {
			isa = PBXContainerItemProxy;
			containerPortal = B4C160382E91B03600EB8D2C /* Project object */;
			proxyType = 1;
			remoteGlobalIDString = B4C1603F2E91B03600EB8D2C;
			remoteInfo = JazzReference;
		};
		B4C160582E91B03700EB8D2C /* PBXContainerItemProxy */ = {
			isa = PBXContainerItemProxy;
			containerPortal = B4C160382E91B03600EB8D2C /* Project object */;
			proxyType = 1;
			remoteGlobalIDString = B4C1603F2E91B03600EB8D2C;
			remoteInfo = JazzReference;
		};
		B4EE328D2EB3F95000C643D1 /* PBXContainerItemProxy */ = {
			isa = PBXContainerItemProxy;
			containerPortal = B4C160382E91B03600EB8D2C /* Project object */;
			proxyType = 1;
			remoteGlobalIDString = B4911D292EB316F600326CA7;
			remoteInfo = MusicBrainzImporter;
		};
/* End PBXContainerItemProxy section */

/* Begin PBXCopyFilesBuildPhase section */
		B4EE328B2EB3ED3700C643D1 /* Embed App Extensions */ = {
			isa = PBXCopyFilesBuildPhase;
			buildActionMask = 12;
			dstPath = "";
			dstSubfolderSpec = 13;
			files = (
				B4EE328C2EB3ED5E00C643D1 /* MusicBrainzImporter.appex in Embed App Extensions */,
			);
			name = "Embed App Extensions";
			runOnlyForDeploymentPostprocessing = 0;
		};
/* End PBXCopyFilesBuildPhase section */

/* Begin PBXFileReference section */
		B41D0F972EE6337400DB427C /* Approach Note.app */ = {isa = PBXFileReference; explicitFileType = wrapper.application; includeInIndex = 0; path = "Approach Note.app"; sourceTree = BUILT_PRODUCTS_DIR; };
		B41D0FA22EE633EE00DB427C /* Assets.xcassets */ = {isa = PBXFileReference; lastKnownFileType = folder.assetcatalog; name = Assets.xcassets; path = Mac/Assets.xcassets; sourceTree = "<group>"; };
		B41D0FA32EE633EE00DB427C /* ContentView.swift */ = {isa = PBXFileReference; lastKnownFileType = sourcecode.swift; path = ContentView.swift; sourceTree = "<group>"; };
		B41D0FA42EE633EE00DB427C /* Info.plist */ = {isa = PBXFileReference; lastKnownFileType = text.plist.xml; name = Info.plist; path = Mac/App/Info.plist; sourceTree = "<group>"; };
		B41D0FA52EE633EE00DB427C /* JazzReferenceMac.entitlements */ = {isa = PBXFileReference; lastKnownFileType = text.plist.entitlements; name = JazzReferenceMac.entitlements; path = Mac/App/JazzReferenceMac.entitlements; sourceTree = "<group>"; };
		B41D0FA62EE633EE00DB427C /* JazzReferenceMacApp.swift */ = {isa = PBXFileReference; lastKnownFileType = sourcecode.swift; name = JazzReferenceMacApp.swift; path = Mac/App/JazzReferenceMacApp.swift; sourceTree = "<group>"; };
		B41D0FA72EE633EE00DB427C /* ArtistsListView.swift */ = {isa = PBXFileReference; lastKnownFileType = sourcecode.swift; path = ArtistsListView.swift; sourceTree = "<group>"; };
		B41D0FA82EE633EE00DB427C /* PerformerDetailView.swift */ = {isa = PBXFileReference; lastKnownFileType = sourcecode.swift; path = PerformerDetailView.swift; sourceTree = "<group>"; };
		B41D0FA92EE633EE00DB427C /* RecordingDetailView.swift */ = {isa = PBXFileReference; lastKnownFileType = sourcecode.swift; path = RecordingDetailView.swift; sourceTree = "<group>"; };
		B41D0FAA2EE633EE00DB427C /* RecordingsListView.swift */ = {isa = PBXFileReference; lastKnownFileType = sourcecode.swift; path = RecordingsListView.swift; sourceTree = "<group>"; };
		B41D0FAB2EE633EE00DB427C /* SongDetailView.swift */ = {isa = PBXFileReference; lastKnownFileType = sourcecode.swift; path = SongDetailView.swift; sourceTree = "<group>"; };
		B41D0FAC2EE633EE00DB427C /* SongsListView.swift */ = {isa = PBXFileReference; lastKnownFileType = sourcecode.swift; path = SongsListView.swift; sourceTree = "<group>"; };
		B42E87D32F09B5F20012F32C /* MacOnboardingView.swift */ = {isa = PBXFileReference; lastKnownFileType = sourcecode.swift; path = MacOnboardingView.swift; sourceTree = "<group>"; };
		B45A16A12F08800600259452 /* MacForgotPasswordView.swift */ = {isa = PBXFileReference; lastKnownFileType = sourcecode.swift; path = MacForgotPasswordView.swift; sourceTree = "<group>"; };
		B45A16A22F08800600259452 /* MacLoginView.swift */ = {isa = PBXFileReference; lastKnownFileType = sourcecode.swift; path = MacLoginView.swift; sourceTree = "<group>"; };
		B45A16A32F08800600259452 /* MacRegisterView.swift */ = {isa = PBXFileReference; lastKnownFileType = sourcecode.swift; path = MacRegisterView.swift; sourceTree = "<group>"; };
		B45A16A42F08800600259452 /* MacResetPasswordView.swift */ = {isa = PBXFileReference; lastKnownFileType = sourcecode.swift; path = MacResetPasswordView.swift; sourceTree = "<group>"; };
		B45A16AE2F08876C00259452 /* MacAddToRepertoireSheet.swift */ = {isa = PBXFileReference; lastKnownFileType = sourcecode.swift; name = MacAddToRepertoireSheet.swift; path = Repertoire/MacAddToRepertoireSheet.swift; sourceTree = "<group>"; };
		B45A16AF2F08876C00259452 /* MacCreateRepertoireView.swift */ = {isa = PBXFileReference; lastKnownFileType = sourcecode.swift; name = MacCreateRepertoireView.swift; path = Repertoire/MacCreateRepertoireView.swift; sourceTree = "<group>"; };
		B4911D2A2EB316F600326CA7 /* MusicBrainzImporter.appex */ = {isa = PBXFileReference; explicitFileType = "wrapper.app-extension"; includeInIndex = 0; path = MusicBrainzImporter.appex; sourceTree = BUILT_PRODUCTS_DIR; };
		B4C160402E91B03600EB8D2C /* Approach Note.app */ = {isa = PBXFileReference; explicitFileType = wrapper.application; includeInIndex = 0; path = "Approach Note.app"; sourceTree = BUILT_PRODUCTS_DIR; };
		B4C1604D2E91B03700EB8D2C /* JazzReferenceTests.xctest */ = {isa = PBXFileReference; explicitFileType = wrapper.cfbundle; includeInIndex = 0; path = JazzReferenceTests.xctest; sourceTree = BUILT_PRODUCTS_DIR; };
		B4C160572E91B03700EB8D2C /* JazzReferenceUITests.xctest */ = {isa = PBXFileReference; explicitFileType = wrapper.cfbundle; includeInIndex = 0; path = JazzReferenceUITests.xctest; sourceTree = BUILT_PRODUCTS_DIR; };
		B4D3BAB02F0D7983007CB0DD /* MacSearchBar.swift */ = {isa = PBXFileReference; lastKnownFileType = sourcecode.swift; path = MacSearchBar.swift; sourceTree = "<group>"; };
/* End PBXFileReference section */

/* Begin PBXFileSystemSynchronizedBuildFileExceptionSet section */
		B4147E552EB4FB2C004A16E7 /* Exceptions for "iOS" folder in "Approach Note" target */ = {
			isa = PBXFileSystemSynchronizedBuildFileExceptionSet;
			membershipExceptions = (
				App/Info.plist,
			);
			target = B4C1603F2E91B03600EB8D2C /* Approach Note */;
		};
		B41D0FB92EE6343900DB427C /* Exceptions for "iOS" folder in "Approach Note Mac" target */ = {
			isa = PBXFileSystemSynchronizedBuildFileExceptionSet;
			membershipExceptions = (
			);
			target = B41D0F962EE6337400DB427C /* Approach Note Mac */;
		};
		B4911D382EB316F700326CA7 /* Exceptions for "MusicBrainzImporter" folder in "MusicBrainzImporter" target */ = {
			isa = PBXFileSystemSynchronizedBuildFileExceptionSet;
			membershipExceptions = (
				Info.plist,
			);
			target = B4911D292EB316F600326CA7 /* MusicBrainzImporter */;
		};
/* End PBXFileSystemSynchronizedBuildFileExceptionSet section */

/* Begin PBXFileSystemSynchronizedGroupBuildPhaseMembershipExceptionSet section */
		B49E75372EB547640053A338 /* Exceptions for "MusicBrainzImporter" folder in "Compile Sources" phase from "MusicBrainzImporter" target */ = {
			isa = PBXFileSystemSynchronizedGroupBuildPhaseMembershipExceptionSet;
			buildPhase = B4911D262EB316F600326CA7 /* Sources */;
			membershipExceptions = (
				ExtractMusicBrainzData.js,
			);
		};
/* End PBXFileSystemSynchronizedGroupBuildPhaseMembershipExceptionSet section */

/* Begin PBXFileSystemSynchronizedRootGroup section */
		B4911D2B2EB316F600326CA7 /* MusicBrainzImporter */ = {
			isa = PBXFileSystemSynchronizedRootGroup;
			exceptions = (
				B4911D382EB316F700326CA7 /* Exceptions for "MusicBrainzImporter" folder in "MusicBrainzImporter" target */,
				B49E75372EB547640053A338 /* Exceptions for "MusicBrainzImporter" folder in "Compile Sources" phase from "MusicBrainzImporter" target */,
			);
			path = MusicBrainzImporter;
			sourceTree = "<group>";
		};
		B4C160422E91B03600EB8D2C /* iOS */ = {
			isa = PBXFileSystemSynchronizedRootGroup;
			exceptions = (
				B4147E552EB4FB2C004A16E7 /* Exceptions for "iOS" folder in "Approach Note" target */,
				B41D0FB92EE6343900DB427C /* Exceptions for "iOS" folder in "Approach Note Mac" target */,
			);
			path = iOS;
			sourceTree = "<group>";
		};
		B4SHARED012F10C00000000001 /* Shared */ = {
			isa = PBXFileSystemSynchronizedRootGroup;
			path = Shared;
			sourceTree = "<group>";
		};
/* End PBXFileSystemSynchronizedRootGroup section */

/* Begin PBXFrameworksBuildPhase section */
		B41D0F942EE6337400DB427C /* Frameworks */ = {
			isa = PBXFrameworksBuildPhase;
			buildActionMask = 2147483647;
			files = (
				B45A16AB2F08802C00259452 /* GoogleSignIn in Frameworks */,
				B45A16AD2F08802C00259452 /* GoogleSignInSwift in Frameworks */,
			);
			runOnlyForDeploymentPostprocessing = 0;
		};
		B4911D272EB316F600326CA7 /* Frameworks */ = {
			isa = PBXFrameworksBuildPhase;
			buildActionMask = 2147483647;
			files = (
			);
			runOnlyForDeploymentPostprocessing = 0;
		};
		B4C1603D2E91B03600EB8D2C /* Frameworks */ = {
			isa = PBXFrameworksBuildPhase;
			buildActionMask = 2147483647;
			files = (
				B4C535862ECE5FFF0030A127 /* GoogleSignInSwift in Frameworks */,
				B4F38C242EC166A800231130 /* YouTubePlayerKit in Frameworks */,
				B4C535842ECE5FFF0030A127 /* GoogleSignIn in Frameworks */,
			);
			runOnlyForDeploymentPostprocessing = 0;
		};
		B4C1604A2E91B03700EB8D2C /* Frameworks */ = {
			isa = PBXFrameworksBuildPhase;
			buildActionMask = 2147483647;
			files = (
			);
			runOnlyForDeploymentPostprocessing = 0;
		};
		B4C160542E91B03700EB8D2C /* Frameworks */ = {
			isa = PBXFrameworksBuildPhase;
			buildActionMask = 2147483647;
			files = (
			);
			runOnlyForDeploymentPostprocessing = 0;
		};
/* End PBXFrameworksBuildPhase section */

/* Begin PBXGroup section */
		B42A1D802F10B00000DAC930 /* Auth */ = {
			isa = PBXGroup;
			children = (
				B45A16A12F08800600259452 /* MacForgotPasswordView.swift */,
				B45A16A22F08800600259452 /* MacLoginView.swift */,
				B45A16A32F08800600259452 /* MacRegisterView.swift */,
				B45A16A42F08800600259452 /* MacResetPasswordView.swift */,
			);
			name = Auth;
			path = Mac/Auth;
			sourceTree = "<group>";
		};
		B41D0FAD2EE633EE00DB427C /* Views */ = {
			isa = PBXGroup;
			children = (
				B41D0FA32EE633EE00DB427C /* ContentView.swift */,
				B4D3BAB02F0D7983007CB0DD /* MacSearchBar.swift */,
				B42E87D32F09B5F20012F32C /* MacOnboardingView.swift */,
				B45A16AE2F08876C00259452 /* MacAddToRepertoireSheet.swift */,
				B45A16AF2F08876C00259452 /* MacCreateRepertoireView.swift */,
				B41D0FA72EE633EE00DB427C /* ArtistsListView.swift */,
				B41D0FA82EE633EE00DB427C /* PerformerDetailView.swift */,
				B41D0FA92EE633EE00DB427C /* RecordingDetailView.swift */,
				B41D0FAA2EE633EE00DB427C /* RecordingsListView.swift */,
				B41D0FAB2EE633EE00DB427C /* SongDetailView.swift */,
				B41D0FAC2EE633EE00DB427C /* SongsListView.swift */,
			);
			name = Views;
			path = Mac/Views;
			sourceTree = "<group>";
		};
		B42A1D702F10A06C00DAC930 /* Mac */ = {
			isa = PBXGroup;
			children = (
				B41D0FA22EE633EE00DB427C /* Assets.xcassets */,
				B42A1D802F10B00000DAC930 /* Auth */,
				B41D0FA42EE633EE00DB427C /* Info.plist */,
				B41D0FA52EE633EE00DB427C /* JazzReferenceMac.entitlements */,
				B41D0FA62EE633EE00DB427C /* JazzReferenceMacApp.swift */,
				B41D0FAD2EE633EE00DB427C /* Views */,
			);
			name = Mac;
			sourceTree = "<group>";
		};
		B45A16A92F08802C00259452 /* Frameworks */ = {
			isa = PBXGroup;
			children = (
			);
			name = Frameworks;
			sourceTree = "<group>";
		};
		B4C160372E91B03600EB8D2C = {
			isa = PBXGroup;
			children = (
				B42A1D702F10A06C00DAC930 /* Mac */,
				B4C160422E91B03600EB8D2C /* iOS */,
				B4SHARED012F10C00000000001 /* Shared */,
				B4911D2B2EB316F600326CA7 /* MusicBrainzImporter */,
				B45A16A92F08802C00259452 /* Frameworks */,
				B4C160412E91B03600EB8D2C /* Products */,
			);
			sourceTree = "<group>";
		};
		B4C160412E91B03600EB8D2C /* Products */ = {
			isa = PBXGroup;
			children = (
				B4C160402E91B03600EB8D2C /* Approach Note.app */,
				B4C1604D2E91B03700EB8D2C /* JazzReferenceTests.xctest */,
				B4C160572E91B03700EB8D2C /* JazzReferenceUITests.xctest */,
				B4911D2A2EB316F600326CA7 /* MusicBrainzImporter.appex */,
				B41D0F972EE6337400DB427C /* Approach Note.app */,
			);
			name = Products;
			sourceTree = "<group>";
		};
/* End PBXGroup section */

/* Begin PBXNativeTarget section */
		B41D0F962EE6337400DB427C /* Approach Note Mac */ = {
			isa = PBXNativeTarget;
			buildConfigurationList = B41D0FA12EE6337500DB427C /* Build configuration list for PBXNativeTarget "Approach Note Mac" */;
			buildPhases = (
				B41D0F932EE6337400DB427C /* Sources */,
				B41D0F942EE6337400DB427C /* Frameworks */,
				B41D0F952EE6337400DB427C /* Resources */,
			);
			buildRules = (
			);
			dependencies = (
			);
			fileSystemSynchronizedGroups = (
				B4SHARED012F10C00000000001 /* Shared */,
			);
			name = "Approach Note Mac";
			packageProductDependencies = (
				B45A16AA2F08802C00259452 /* GoogleSignIn */,
				B45A16AC2F08802C00259452 /* GoogleSignInSwift */,
			);
			productName = "Approach Note";
			productReference = B41D0F972EE6337400DB427C /* Approach Note.app */;
			productType = "com.apple.product-type.application";
		};
		B4911D292EB316F600326CA7 /* MusicBrainzImporter */ = {
			isa = PBXNativeTarget;
			buildConfigurationList = B4911D392EB316F700326CA7 /* Build configuration list for PBXNativeTarget "MusicBrainzImporter" */;
			buildPhases = (
				B4911D262EB316F600326CA7 /* Sources */,
				B4911D272EB316F600326CA7 /* Frameworks */,
				B4911D282EB316F600326CA7 /* Resources */,
			);
			buildRules = (
			);
			dependencies = (
			);
			fileSystemSynchronizedGroups = (
				B4911D2B2EB316F600326CA7 /* MusicBrainzImporter */,
			);
			name = MusicBrainzImporter;
			packageProductDependencies = (
			);
			productName = MusicBrainzImporter;
			productReference = B4911D2A2EB316F600326CA7 /* MusicBrainzImporter.appex */;
			productType = "com.apple.product-type.app-extension";
		};
		B4C1603F2E91B03600EB8D2C /* Approach Note */ = {
			isa = PBXNativeTarget;
			buildConfigurationList = B4C160612E91B03700EB8D2C /* Build configuration list for PBXNativeTarget "Approach Note" */;
			buildPhases = (
				B4C1603C2E91B03600EB8D2C /* Sources */,
				B4C1603D2E91B03600EB8D2C /* Frameworks */,
				B4EE328B2EB3ED3700C643D1 /* Embed App Extensions */,
				B4C1603E2E91B03600EB8D2C /* Resources */,
			);
			buildRules = (
			);
			dependencies = (
				B4EE328E2EB3F95000C643D1 /* PBXTargetDependency */,
			);
			fileSystemSynchronizedGroups = (
				B4C160422E91B03600EB8D2C /* iOS */,
				B4SHARED012F10C00000000001 /* Shared */,
			);
			name = "Approach Note";
			packageProductDependencies = (
				B4F38C232EC166A800231130 /* YouTubePlayerKit */,
				B4C535832ECE5FFF0030A127 /* GoogleSignIn */,
				B4C535852ECE5FFF0030A127 /* GoogleSignInSwift */,
			);
			productName = JazzReference;
			productReference = B4C160402E91B03600EB8D2C /* Approach Note.app */;
			productType = "com.apple.product-type.application";
		};
		B4C1604C2E91B03700EB8D2C /* JazzReferenceTests */ = {
			isa = PBXNativeTarget;
			buildConfigurationList = B4C160642E91B03700EB8D2C /* Build configuration list for PBXNativeTarget "JazzReferenceTests" */;
			buildPhases = (
				B4C160492E91B03700EB8D2C /* Sources */,
				B4C1604A2E91B03700EB8D2C /* Frameworks */,
				B4C1604B2E91B03700EB8D2C /* Resources */,
			);
			buildRules = (
			);
			dependencies = (
				B4C1604F2E91B03700EB8D2C /* PBXTargetDependency */,
			);
			name = JazzReferenceTests;
			packageProductDependencies = (
			);
			productName = JazzReferenceTests;
			productReference = B4C1604D2E91B03700EB8D2C /* JazzReferenceTests.xctest */;
			productType = "com.apple.product-type.bundle.unit-test";
		};
		B4C160562E91B03700EB8D2C /* JazzReferenceUITests */ = {
			isa = PBXNativeTarget;
			buildConfigurationList = B4C160672E91B03700EB8D2C /* Build configuration list for PBXNativeTarget "JazzReferenceUITests" */;
			buildPhases = (
				B4C160532E91B03700EB8D2C /* Sources */,
				B4C160542E91B03700EB8D2C /* Frameworks */,
				B4C160552E91B03700EB8D2C /* Resources */,
			);
			buildRules = (
			);
			dependencies = (
				B4C160592E91B03700EB8D2C /* PBXTargetDependency */,
			);
			name = JazzReferenceUITests;
			packageProductDependencies = (
			);
			productName = JazzReferenceUITests;
			productReference = B4C160572E91B03700EB8D2C /* JazzReferenceUITests.xctest */;
			productType = "com.apple.product-type.bundle.ui-testing";
		};
/* End PBXNativeTarget section */

/* Begin PBXProject section */
		B4C160382E91B03600EB8D2C /* Project object */ = {
			isa = PBXProject;
			attributes = {
				BuildIndependentTargetsInParallel = 1;
				LastSwiftUpdateCheck = 2610;
				LastUpgradeCheck = 2600;
				TargetAttributes = {
					B41D0F962EE6337400DB427C = {
						CreatedOnToolsVersion = 26.1.1;
					};
					B4911D292EB316F600326CA7 = {
						CreatedOnToolsVersion = 26.0.1;
					};
					B4C1603F2E91B03600EB8D2C = {
						CreatedOnToolsVersion = 26.0.1;
					};
					B4C1604C2E91B03700EB8D2C = {
						CreatedOnToolsVersion = 26.0.1;
						TestTargetID = B4C1603F2E91B03600EB8D2C;
					};
					B4C160562E91B03700EB8D2C = {
						CreatedOnToolsVersion = 26.0.1;
						TestTargetID = B4C1603F2E91B03600EB8D2C;
					};
				};
			};
			buildConfigurationList = B4C1603B2E91B03600EB8D2C /* Build configuration list for PBXProject "Approach Note" */;
			developmentRegion = en;
			hasScannedForEncodings = 0;
			knownRegions = (
				en,
				Base,
			);
			mainGroup = B4C160372E91B03600EB8D2C;
			minimizedProjectReferenceProxies = 1;
			packageReferences = (
				B4F38C222EC166A800231130 /* XCRemoteSwiftPackageReference "YouTubePlayerKit" */,
				B4C535822ECE5FFF0030A127 /* XCRemoteSwiftPackageReference "GoogleSignIn-iOS" */,
			);
			preferredProjectObjectVersion = 77;
			productRefGroup = B4C160412E91B03600EB8D2C /* Products */;
			projectDirPath = "";
			projectRoot = "";
			targets = (
				B4C1603F2E91B03600EB8D2C /* Approach Note */,
				B4C1604C2E91B03700EB8D2C /* JazzReferenceTests */,
				B4C160562E91B03700EB8D2C /* JazzReferenceUITests */,
				B4911D292EB316F600326CA7 /* MusicBrainzImporter */,
				B41D0F962EE6337400DB427C /* Approach Note Mac */,
			);
		};
/* End PBXProject section */

/* Begin PBXResourcesBuildPhase section */
		B41D0F952EE6337400DB427C /* Resources */ = {
			isa = PBXResourcesBuildPhase;
			buildActionMask = 2147483647;
			files = (
				B41D0FAE2EE633EE00DB427C /* Assets.xcassets in Resources */,
			);
			runOnlyForDeploymentPostprocessing = 0;
		};
		B4911D282EB316F600326CA7 /* Resources */ = {
			isa = PBXResourcesBuildPhase;
			buildActionMask = 2147483647;
			files = (
			);
			runOnlyForDeploymentPostprocessing = 0;
		};
		B4C1603E2E91B03600EB8D2C /* Resources */ = {
			isa = PBXResourcesBuildPhase;
			buildActionMask = 2147483647;
			files = (
			);
			runOnlyForDeploymentPostprocessing = 0;
		};
		B4C1604B2E91B03700EB8D2C /* Resources */ = {
			isa = PBXResourcesBuildPhase;
			buildActionMask = 2147483647;
			files = (
			);
			runOnlyForDeploymentPostprocessing = 0;
		};
		B4C160552E91B03700EB8D2C /* Resources */ = {
			isa = PBXResourcesBuildPhase;
			buildActionMask = 2147483647;
			files = (
			);
			runOnlyForDeploymentPostprocessing = 0;
		};
/* End PBXResourcesBuildPhase section */

/* Begin PBXSourcesBuildPhase section */
		B41D0F932EE6337400DB427C /* Sources */ = {
			isa = PBXSourcesBuildPhase;
			buildActionMask = 2147483647;
			files = (
				B41D0FB02EE633EE00DB427C /* JazzReferenceMacApp.swift in Sources */,
				B41D0FB12EE633EE00DB427C /* PerformerDetailView.swift in Sources */,
				B41D0FB22EE633EE00DB427C /* SongDetailView.swift in Sources */,
				B41D0FB32EE633EE00DB427C /* RecordingDetailView.swift in Sources */,
				B41D0FB42EE633EE00DB427C /* SongsListView.swift in Sources */,
				B45A16A52F08800600259452 /* MacResetPasswordView.swift in Sources */,
				B42E87D42F09B5F20012F32C /* MacOnboardingView.swift in Sources */,
				B45A16A62F08800600259452 /* MacForgotPasswordView.swift in Sources */,
				B45A16A72F08800600259452 /* MacLoginView.swift in Sources */,
				B4D3BAB12F0D7983007CB0DD /* MacSearchBar.swift in Sources */,
				B45A16A82F08800600259452 /* MacRegisterView.swift in Sources */,
				B45A16B02F08876C00259452 /* MacAddToRepertoireSheet.swift in Sources */,
				B45A16B12F08876C00259452 /* MacCreateRepertoireView.swift in Sources */,
				B41D0FB52EE633EE00DB427C /* ArtistsListView.swift in Sources */,
				B41D0FB62EE633EE00DB427C /* RecordingsListView.swift in Sources */,
				B41D0FB72EE633EE00DB427C /* ContentView.swift in Sources */,
			);
			runOnlyForDeploymentPostprocessing = 0;
		};
		B4911D262EB316F600326CA7 /* Sources */ = {
			isa = PBXSourcesBuildPhase;
			buildActionMask = 2147483647;
			files = (
			);
			runOnlyForDeploymentPostprocessing = 0;
		};
		B4C1603C2E91B03600EB8D2C /* Sources */ = {
			isa = PBXSourcesBuildPhase;
			buildActionMask = 2147483647;
			files = (
			);
			runOnlyForDeploymentPostprocessing = 0;
		};
		B4C160492E91B03700EB8D2C /* Sources */ = {
			isa = PBXSourcesBuildPhase;
			buildActionMask = 2147483647;
			files = (
			);
			runOnlyForDeploymentPostprocessing = 0;
		};
		B4C160532E91B03700EB8D2C /* Sources */ = {
			isa = PBXSourcesBuildPhase;
			buildActionMask = 2147483647;
			files = (
			);
			runOnlyForDeploymentPostprocessing = 0;
		};
/* End PBXSourcesBuildPhase section */

/* Begin PBXTargetDependency section */
		B4C1604F2E91B03700EB8D2C /* PBXTargetDependency */ = {
			isa = PBXTargetDependency;
			target = B4C1603F2E91B03600EB8D2C /* Approach Note */;
			targetProxy = B4C1604E2E91B03700EB8D2C /* PBXContainerItemProxy */;
		};
		B4C160592E91B03700EB8D2C /* PBXTargetDependency */ = {
			isa = PBXTargetDependency;
			target = B4C1603F2E91B03600EB8D2C /* Approach Note */;
			targetProxy = B4C160582E91B03700EB8D2C /* PBXContainerItemProxy */;
		};
		B4EE328E2EB3F95000C643D1 /* PBXTargetDependency */ = {
			isa = PBXTargetDependency;
			target = B4911D292EB316F600326CA7 /* MusicBrainzImporter */;
			targetProxy = B4EE328D2EB3F95000C643D1 /* PBXContainerItemProxy */;
		};
/* End PBXTargetDependency section */

/* Begin XCBuildConfiguration section */
		B41D0F9F2EE6337500DB427C /* Debug */ = {
			isa = XCBuildConfiguration;
			buildSettings = {
				ASSETCATALOG_COMPILER_APPICON_NAME = AppIcon;
				ASSETCATALOG_COMPILER_GLOBAL_ACCENT_COLOR_NAME = AccentColor;
				AUTOMATION_APPLE_EVENTS = NO;
				CODE_SIGN_ENTITLEMENTS = Mac/App/JazzReferenceMac.entitlements;
				CODE_SIGN_IDENTITY = "Apple Development";
				CODE_SIGN_STYLE = Automatic;
				COMBINE_HIDPI_IMAGES = YES;
				CURRENT_PROJECT_VERSION = 1;
				DEVELOPMENT_TEAM = FX893D85BJ;
				ENABLE_APP_SANDBOX = YES;
				ENABLE_HARDENED_RUNTIME = YES;
				ENABLE_PREVIEWS = YES;
				ENABLE_RESOURCE_ACCESS_AUDIO_INPUT = NO;
				ENABLE_RESOURCE_ACCESS_CALENDARS = NO;
				ENABLE_RESOURCE_ACCESS_CAMERA = NO;
				ENABLE_RESOURCE_ACCESS_CONTACTS = NO;
				ENABLE_RESOURCE_ACCESS_LOCATION = NO;
				ENABLE_RESOURCE_ACCESS_PHOTO_LIBRARY = NO;
				ENABLE_USER_SELECTED_FILES = readonly;
				GENERATE_INFOPLIST_FILE = YES;
				INFOPLIST_FILE = Mac/App/Info.plist;
				INFOPLIST_KEY_CFBundleDisplayName = "Approach Note";
				INFOPLIST_KEY_LSApplicationCategoryType = "public.app-category.music";
				INFOPLIST_KEY_NSHumanReadableCopyright = "";
				LD_RUNPATH_SEARCH_PATHS = (
					"$(inherited)",
					"@executable_path/../Frameworks",
				);
				MACOSX_DEPLOYMENT_TARGET = 14.6;
				MARKETING_VERSION = 1.2;
				PRODUCT_BUNDLE_IDENTIFIER = "me.rodger.david.Jazz-Liner-Notes";
				PRODUCT_NAME = "Approach Note";
				PROVISIONING_PROFILE_SPECIFIER = "";
				REGISTER_APP_GROUPS = YES;
				RUNTIME_EXCEPTION_ALLOW_DYLD_ENVIRONMENT_VARIABLES = NO;
				RUNTIME_EXCEPTION_ALLOW_JIT = NO;
				RUNTIME_EXCEPTION_ALLOW_UNSIGNED_EXECUTABLE_MEMORY = NO;
				RUNTIME_EXCEPTION_DEBUGGING_TOOL = NO;
				RUNTIME_EXCEPTION_DISABLE_EXECUTABLE_PAGE_PROTECTION = NO;
				RUNTIME_EXCEPTION_DISABLE_LIBRARY_VALIDATION = NO;
				SDKROOT = macosx;
				STRING_CATALOG_GENERATE_SYMBOLS = YES;
				SWIFT_APPROACHABLE_CONCURRENCY = YES;
				SWIFT_DEFAULT_ACTOR_ISOLATION = MainActor;
				SWIFT_EMIT_LOC_STRINGS = YES;
				SWIFT_UPCOMING_FEATURE_MEMBER_IMPORT_VISIBILITY = YES;
				SWIFT_VERSION = 5.0;
			};
			name = Debug;
		};
		B41D0FA02EE6337500DB427C /* Release */ = {
			isa = XCBuildConfiguration;
			buildSettings = {
				ASSETCATALOG_COMPILER_APPICON_NAME = AppIcon;
				ASSETCATALOG_COMPILER_GLOBAL_ACCENT_COLOR_NAME = AccentColor;
				AUTOMATION_APPLE_EVENTS = NO;
				CODE_SIGN_ENTITLEMENTS = Mac/App/JazzReferenceMac.entitlements;
				CODE_SIGN_IDENTITY = "Apple Development";
				CODE_SIGN_STYLE = Automatic;
				COMBINE_HIDPI_IMAGES = YES;
				CURRENT_PROJECT_VERSION = 1;
				DEVELOPMENT_TEAM = FX893D85BJ;
				ENABLE_APP_SANDBOX = YES;
				ENABLE_HARDENED_RUNTIME = YES;
				ENABLE_PREVIEWS = YES;
				ENABLE_RESOURCE_ACCESS_AUDIO_INPUT = NO;
				ENABLE_RESOURCE_ACCESS_CALENDARS = NO;
				ENABLE_RESOURCE_ACCESS_CAMERA = NO;
				ENABLE_RESOURCE_ACCESS_CONTACTS = NO;
				ENABLE_RESOURCE_ACCESS_LOCATION = NO;
				ENABLE_RESOURCE_ACCESS_PHOTO_LIBRARY = NO;
				ENABLE_USER_SELECTED_FILES = readonly;
				GENERATE_INFOPLIST_FILE = YES;
				INFOPLIST_FILE = Mac/App/Info.plist;
				INFOPLIST_KEY_CFBundleDisplayName = "Approach Note";
				INFOPLIST_KEY_LSApplicationCategoryType = "public.app-category.music";
				INFOPLIST_KEY_NSHumanReadableCopyright = "";
				LD_RUNPATH_SEARCH_PATHS = (
					"$(inherited)",
					"@executable_path/../Frameworks",
				);
				MACOSX_DEPLOYMENT_TARGET = 14.6;
				MARKETING_VERSION = 1.2;
				PRODUCT_BUNDLE_IDENTIFIER = "me.rodger.david.Jazz-Liner-Notes";
				PRODUCT_NAME = "Approach Note";
				PROVISIONING_PROFILE_SPECIFIER = "";
				REGISTER_APP_GROUPS = YES;
				RUNTIME_EXCEPTION_ALLOW_DYLD_ENVIRONMENT_VARIABLES = NO;
				RUNTIME_EXCEPTION_ALLOW_JIT = NO;
				RUNTIME_EXCEPTION_ALLOW_UNSIGNED_EXECUTABLE_MEMORY = NO;
				RUNTIME_EXCEPTION_DEBUGGING_TOOL = NO;
				RUNTIME_EXCEPTION_DISABLE_EXECUTABLE_PAGE_PROTECTION = NO;
				RUNTIME_EXCEPTION_DISABLE_LIBRARY_VALIDATION = NO;
				SDKROOT = macosx;
				STRING_CATALOG_GENERATE_SYMBOLS = YES;
				SWIFT_APPROACHABLE_CONCURRENCY = YES;
				SWIFT_DEFAULT_ACTOR_ISOLATION = MainActor;
				SWIFT_EMIT_LOC_STRINGS = YES;
				SWIFT_UPCOMING_FEATURE_MEMBER_IMPORT_VISIBILITY = YES;
				SWIFT_VERSION = 5.0;
			};
			name = Release;
		};
		B4911D362EB316F700326CA7 /* Debug */ = {
			isa = XCBuildConfiguration;
			buildSettings = {
				CODE_SIGN_ENTITLEMENTS = MusicBrainzImporter/MusicBrainzImporter.entitlements;
				CODE_SIGN_STYLE = Automatic;
				CURRENT_PROJECT_VERSION = 1;
				DEVELOPMENT_TEAM = FX893D85BJ;
				GENERATE_INFOPLIST_FILE = YES;
				INFOPLIST_FILE = MusicBrainzImporter/Info.plist;
				INFOPLIST_KEY_CFBundleDisplayName = MusicBrainzImporter;
				INFOPLIST_KEY_NSHumanReadableCopyright = "";
				IPHONEOS_DEPLOYMENT_TARGET = 17.6;
				LD_RUNPATH_SEARCH_PATHS = (
					"$(inherited)",
					"@executable_path/Frameworks",
					"@executable_path/../../Frameworks",
				);
				MARKETING_VERSION = 1.2;
				PRODUCT_BUNDLE_IDENTIFIER = me.rodger.david.JazzReference.MusicBrainzImporter;
				PRODUCT_NAME = "$(TARGET_NAME)";
				SKIP_INSTALL = YES;
				STRING_CATALOG_GENERATE_SYMBOLS = YES;
				SWIFT_APPROACHABLE_CONCURRENCY = YES;
				SWIFT_EMIT_LOC_STRINGS = YES;
				SWIFT_UPCOMING_FEATURE_MEMBER_IMPORT_VISIBILITY = YES;
				SWIFT_VERSION = 5.0;
				TARGETED_DEVICE_FAMILY = "1,2";
			};
			name = Debug;
		};
		B4911D372EB316F700326CA7 /* Release */ = {
			isa = XCBuildConfiguration;
			buildSettings = {
				CODE_SIGN_ENTITLEMENTS = MusicBrainzImporter/MusicBrainzImporter.entitlements;
				CODE_SIGN_STYLE = Automatic;
				CURRENT_PROJECT_VERSION = 1;
				DEVELOPMENT_TEAM = FX893D85BJ;
				GENERATE_INFOPLIST_FILE = YES;
				INFOPLIST_FILE = MusicBrainzImporter/Info.plist;
				INFOPLIST_KEY_CFBundleDisplayName = MusicBrainzImporter;
				INFOPLIST_KEY_NSHumanReadableCopyright = "";
				IPHONEOS_DEPLOYMENT_TARGET = 17.6;
				LD_RUNPATH_SEARCH_PATHS = (
					"$(inherited)",
					"@executable_path/Frameworks",
					"@executable_path/../../Frameworks",
				);
				MARKETING_VERSION = 1.2;
				PRODUCT_BUNDLE_IDENTIFIER = me.rodger.david.JazzReference.MusicBrainzImporter;
				PRODUCT_NAME = "$(TARGET_NAME)";
				SKIP_INSTALL = YES;
				STRING_CATALOG_GENERATE_SYMBOLS = YES;
				SWIFT_APPROACHABLE_CONCURRENCY = YES;
				SWIFT_EMIT_LOC_STRINGS = YES;
				SWIFT_UPCOMING_FEATURE_MEMBER_IMPORT_VISIBILITY = YES;
				SWIFT_VERSION = 5.0;
				TARGETED_DEVICE_FAMILY = "1,2";
			};
			name = Release;
		};
		B4C1605F2E91B03700EB8D2C /* Debug */ = {
			isa = XCBuildConfiguration;
			buildSettings = {
				ALWAYS_SEARCH_USER_PATHS = NO;
				ASSETCATALOG_COMPILER_GENERATE_SWIFT_ASSET_SYMBOL_EXTENSIONS = YES;
				CLANG_ANALYZER_NONNULL = YES;
				CLANG_ANALYZER_NUMBER_OBJECT_CONVERSION = YES_AGGRESSIVE;
				CLANG_CXX_LANGUAGE_STANDARD = "gnu++20";
				CLANG_ENABLE_MODULES = YES;
				CLANG_ENABLE_OBJC_ARC = YES;
				CLANG_ENABLE_OBJC_WEAK = YES;
				CLANG_WARN_BLOCK_CAPTURE_AUTORELEASING = YES;
				CLANG_WARN_BOOL_CONVERSION = YES;
				CLANG_WARN_COMMA = YES;
				CLANG_WARN_CONSTANT_CONVERSION = YES;
				CLANG_WARN_DEPRECATED_OBJC_IMPLEMENTATIONS = YES;
				CLANG_WARN_DIRECT_OBJC_ISA_USAGE = YES_ERROR;
				CLANG_WARN_DOCUMENTATION_COMMENTS = YES;
				CLANG_WARN_EMPTY_BODY = YES;
				CLANG_WARN_ENUM_CONVERSION = YES;
				CLANG_WARN_INFINITE_RECURSION = YES;
				CLANG_WARN_INT_CONVERSION = YES;
				CLANG_WARN_NON_LITERAL_NULL_CONVERSION = YES;
				CLANG_WARN_OBJC_IMPLICIT_RETAIN_SELF = YES;
				CLANG_WARN_OBJC_LITERAL_CONVERSION = YES;
				CLANG_WARN_OBJC_ROOT_CLASS = YES_ERROR;
				CLANG_WARN_QUOTED_INCLUDE_IN_FRAMEWORK_HEADER = YES;
				CLANG_WARN_RANGE_LOOP_ANALYSIS = YES;
				CLANG_WARN_STRICT_PROTOTYPES = YES;
				CLANG_WARN_SUSPICIOUS_MOVE = YES;
				CLANG_WARN_UNGUARDED_AVAILABILITY = YES_AGGRESSIVE;
				CLANG_WARN_UNREACHABLE_CODE = YES;
				CLANG_WARN__DUPLICATE_METHOD_MATCH = YES;
				COPY_PHASE_STRIP = NO;
				DEBUG_INFORMATION_FORMAT = dwarf;
				ENABLE_STRICT_OBJC_MSGSEND = YES;
				ENABLE_TESTABILITY = YES;
				ENABLE_USER_SCRIPT_SANDBOXING = YES;
				GCC_C_LANGUAGE_STANDARD = gnu17;
				GCC_DYNAMIC_NO_PIC = NO;
				GCC_NO_COMMON_BLOCKS = YES;
				GCC_OPTIMIZATION_LEVEL = 0;
				GCC_PREPROCESSOR_DEFINITIONS = (
					"DEBUG=1",
					"$(inherited)",
				);
				GCC_WARN_64_TO_32_BIT_CONVERSION = YES;
				GCC_WARN_ABOUT_RETURN_TYPE = YES_ERROR;
				GCC_WARN_UNDECLARED_SELECTOR = YES;
				GCC_WARN_UNINITIALIZED_AUTOS = YES_AGGRESSIVE;
				GCC_WARN_UNUSED_FUNCTION = YES;
				GCC_WARN_UNUSED_VARIABLE = YES;
				IPHONEOS_DEPLOYMENT_TARGET = 26.0;
				LOCALIZATION_PREFERS_STRING_CATALOGS = YES;
				MTL_ENABLE_DEBUG_INFO = INCLUDE_SOURCE;
				MTL_FAST_MATH = YES;
				ONLY_ACTIVE_ARCH = YES;
				SDKROOT = iphoneos;
				SWIFT_ACTIVE_COMPILATION_CONDITIONS = "DEBUG $(inherited)";
				SWIFT_OPTIMIZATION_LEVEL = "-Onone";
			};
			name = Debug;
		};
		B4C160602E91B03700EB8D2C /* Release */ = {
			isa = XCBuildConfiguration;
			buildSettings = {
				ALWAYS_SEARCH_USER_PATHS = NO;
				ASSETCATALOG_COMPILER_GENERATE_SWIFT_ASSET_SYMBOL_EXTENSIONS = YES;
				CLANG_ANALYZER_NONNULL = YES;
				CLANG_ANALYZER_NUMBER_OBJECT_CONVERSION = YES_AGGRESSIVE;
				CLANG_CXX_LANGUAGE_STANDARD = "gnu++20";
				CLANG_ENABLE_MODULES = YES;
				CLANG_ENABLE_OBJC_ARC = YES;
				CLANG_ENABLE_OBJC_WEAK = YES;
				CLANG_WARN_BLOCK_CAPTURE_AUTORELEASING = YES;
				CLANG_WARN_BOOL_CONVERSION = YES;
				CLANG_WARN_COMMA = YES;
				CLANG_WARN_CONSTANT_CONVERSION = YES;
				CLANG_WARN_DEPRECATED_OBJC_IMPLEMENTATIONS = YES;
				CLANG_WARN_DIRECT_OBJC_ISA_USAGE = YES_ERROR;
				CLANG_WARN_DOCUMENTATION_COMMENTS = YES;
				CLANG_WARN_EMPTY_BODY = YES;
				CLANG_WARN_ENUM_CONVERSION = YES;
				CLANG_WARN_INFINITE_RECURSION = YES;
				CLANG_WARN_INT_CONVERSION = YES;
				CLANG_WARN_NON_LITERAL_NULL_CONVERSION = YES;
				CLANG_WARN_OBJC_IMPLICIT_RETAIN_SELF = YES;
				CLANG_WARN_OBJC_LITERAL_CONVERSION = YES;
				CLANG_WARN_OBJC_ROOT_CLASS = YES_ERROR;
				CLANG_WARN_QUOTED_INCLUDE_IN_FRAMEWORK_HEADER = YES;
				CLANG_WARN_RANGE_LOOP_ANALYSIS = YES;
				CLANG_WARN_STRICT_PROTOTYPES = YES;
				CLANG_WARN_SUSPICIOUS_MOVE = YES;
				CLANG_WARN_UNGUARDED_AVAILABILITY = YES_AGGRESSIVE;
				CLANG_WARN_UNREACHABLE_CODE = YES;
				CLANG_WARN__DUPLICATE_METHOD_MATCH = YES;
				COPY_PHASE_STRIP = NO;
				DEBUG_INFORMATION_FORMAT = "dwarf-with-dsym";
				ENABLE_NS_ASSERTIONS = NO;
				ENABLE_STRICT_OBJC_MSGSEND = YES;
				ENABLE_USER_SCRIPT_SANDBOXING = YES;
				GCC_C_LANGUAGE_STANDARD = gnu17;
				GCC_NO_COMMON_BLOCKS = YES;
				GCC_WARN_64_TO_32_BIT_CONVERSION = YES;
				GCC_WARN_ABOUT_RETURN_TYPE = YES_ERROR;
				GCC_WARN_UNDECLARED_SELECTOR = YES;
				GCC_WARN_UNINITIALIZED_AUTOS = YES_AGGRESSIVE;
				GCC_WARN_UNUSED_FUNCTION = YES;
				GCC_WARN_UNUSED_VARIABLE = YES;
				IPHONEOS_DEPLOYMENT_TARGET = 26.0;
				LOCALIZATION_PREFERS_STRING_CATALOGS = YES;
				MTL_ENABLE_DEBUG_INFO = NO;
				MTL_FAST_MATH = YES;
				SDKROOT = iphoneos;
				SWIFT_COMPILATION_MODE = wholemodule;
				VALIDATE_PRODUCT = YES;
			};
			name = Release;
		};
		B4C160622E91B03700EB8D2C /* Debug */ = {
			isa = XCBuildConfiguration;
			buildSettings = {
				ASSETCATALOG_COMPILER_APPICON_NAME = AppIcon;
				ASSETCATALOG_COMPILER_GLOBAL_ACCENT_COLOR_NAME = AccentColor;
				CODE_SIGN_ENTITLEMENTS = iOS/App/JazzReference.entitlements;
				CODE_SIGN_STYLE = Automatic;
				CURRENT_PROJECT_VERSION = 1;
				DEVELOPMENT_TEAM = FX893D85BJ;
				ENABLE_PREVIEWS = YES;
				GENERATE_INFOPLIST_FILE = NO;
				INFOPLIST_FILE = iOS/App/Info.plist;
				INFOPLIST_KEY_UIApplicationSceneManifest_Generation = YES;
				INFOPLIST_KEY_UIApplicationSupportsIndirectInputEvents = YES;
				INFOPLIST_KEY_UILaunchStoryboardName = LaunchScreen;
				INFOPLIST_KEY_UISupportedInterfaceOrientations_iPad = "UIInterfaceOrientationPortrait UIInterfaceOrientationPortraitUpsideDown UIInterfaceOrientationLandscapeLeft UIInterfaceOrientationLandscapeRight";
				INFOPLIST_KEY_UISupportedInterfaceOrientations_iPhone = "UIInterfaceOrientationPortrait UIInterfaceOrientationLandscapeLeft UIInterfaceOrientationLandscapeRight";
				IPHONEOS_DEPLOYMENT_TARGET = 18.6;
				LD_RUNPATH_SEARCH_PATHS = (
					"$(inherited)",
					"@executable_path/Frameworks",
				);
				MARKETING_VERSION = 1.2;
				PRODUCT_BUNDLE_IDENTIFIER = me.rodger.david.JazzReference;
				PRODUCT_NAME = "$(TARGET_NAME)";
				STRING_CATALOG_GENERATE_SYMBOLS = YES;
				SWIFT_APPROACHABLE_CONCURRENCY = YES;
				SWIFT_DEFAULT_ACTOR_ISOLATION = MainActor;
				SWIFT_EMIT_LOC_STRINGS = YES;
				SWIFT_UPCOMING_FEATURE_MEMBER_IMPORT_VISIBILITY = YES;
				SWIFT_VERSION = 5.0;
				TARGETED_DEVICE_FAMILY = "1,2";
			};
			name = Debug;
		};
		B4C160632E91B03700EB8D2C /* Release */ = {
			isa = XCBuildConfiguration;
			buildSettings = {
				ASSETCATALOG_COMPILER_APPICON_NAME = AppIcon;
				ASSETCATALOG_COMPILER_GLOBAL_ACCENT_COLOR_NAME = AccentColor;
				CODE_SIGN_ENTITLEMENTS = iOS/App/JazzReference.entitlements;
				CODE_SIGN_STYLE = Automatic;
				CURRENT_PROJECT_VERSION = 1;
				DEVELOPMENT_TEAM = FX893D85BJ;
				ENABLE_PREVIEWS = YES;
				GENERATE_INFOPLIST_FILE = NO;
				INFOPLIST_FILE = iOS/App/Info.plist;
				INFOPLIST_KEY_UIApplicationSceneManifest_Generation = YES;
				INFOPLIST_KEY_UIApplicationSupportsIndirectInputEvents = YES;
				INFOPLIST_KEY_UILaunchStoryboardName = LaunchScreen;
				INFOPLIST_KEY_UISupportedInterfaceOrientations_iPad = "UIInterfaceOrientationPortrait UIInterfaceOrientationPortraitUpsideDown UIInterfaceOrientationLandscapeLeft UIInterfaceOrientationLandscapeRight";
				INFOPLIST_KEY_UISupportedInterfaceOrientations_iPhone = "UIInterfaceOrientationPortrait UIInterfaceOrientationLandscapeLeft UIInterfaceOrientationLandscapeRight";
				IPHONEOS_DEPLOYMENT_TARGET = 18.6;
				LD_RUNPATH_SEARCH_PATHS = (
					"$(inherited)",
					"@executable_path/Frameworks",
				);
				MARKETING_VERSION = 1.2;
				PRODUCT_BUNDLE_IDENTIFIER = me.rodger.david.JazzReference;
				PRODUCT_NAME = "$(TARGET_NAME)";
				STRING_CATALOG_GENERATE_SYMBOLS = YES;
				SWIFT_APPROACHABLE_CONCURRENCY = YES;
				SWIFT_DEFAULT_ACTOR_ISOLATION = MainActor;
				SWIFT_EMIT_LOC_STRINGS = YES;
				SWIFT_UPCOMING_FEATURE_MEMBER_IMPORT_VISIBILITY = YES;
				SWIFT_VERSION = 5.0;
				TARGETED_DEVICE_FAMILY = "1,2";
			};
			name = Release;
		};
		B4C160652E91B03700EB8D2C /* Debug */ = {
			isa = XCBuildConfiguration;
			buildSettings = {
				BUNDLE_LOADER = "$(TEST_HOST)";
				CODE_SIGN_STYLE = Automatic;
				CURRENT_PROJECT_VERSION = 1;
				DEVELOPMENT_TEAM = FX893D85BJ;
				GENERATE_INFOPLIST_FILE = YES;
				IPHONEOS_DEPLOYMENT_TARGET = 26.0;
				MARKETING_VERSION = 1.0;
				PRODUCT_BUNDLE_IDENTIFIER = me.rodger.david.JazzReferenceTests;
				PRODUCT_NAME = "$(TARGET_NAME)";
				STRING_CATALOG_GENERATE_SYMBOLS = NO;
				SWIFT_APPROACHABLE_CONCURRENCY = YES;
				SWIFT_EMIT_LOC_STRINGS = NO;
				SWIFT_UPCOMING_FEATURE_MEMBER_IMPORT_VISIBILITY = YES;
				SWIFT_VERSION = 5.0;
				TARGETED_DEVICE_FAMILY = "1,2";
				TEST_HOST = "$(BUILT_PRODUCTS_DIR)/JazzReference.app/$(BUNDLE_EXECUTABLE_FOLDER_PATH)/JazzReference";
			};
			name = Debug;
		};
		B4C160662E91B03700EB8D2C /* Release */ = {
			isa = XCBuildConfiguration;
			buildSettings = {
				BUNDLE_LOADER = "$(TEST_HOST)";
				CODE_SIGN_STYLE = Automatic;
				CURRENT_PROJECT_VERSION = 1;
				DEVELOPMENT_TEAM = FX893D85BJ;
				GENERATE_INFOPLIST_FILE = YES;
				IPHONEOS_DEPLOYMENT_TARGET = 26.0;
				MARKETING_VERSION = 1.0;
				PRODUCT_BUNDLE_IDENTIFIER = me.rodger.david.JazzReferenceTests;
				PRODUCT_NAME = "$(TARGET_NAME)";
				STRING_CATALOG_GENERATE_SYMBOLS = NO;
				SWIFT_APPROACHABLE_CONCURRENCY = YES;
				SWIFT_EMIT_LOC_STRINGS = NO;
				SWIFT_UPCOMING_FEATURE_MEMBER_IMPORT_VISIBILITY = YES;
				SWIFT_VERSION = 5.0;
				TARGETED_DEVICE_FAMILY = "1,2";
				TEST_HOST = "$(BUILT_PRODUCTS_DIR)/JazzReference.app/$(BUNDLE_EXECUTABLE_FOLDER_PATH)/JazzReference";
			};
			name = Release;
		};
		B4C160682E91B03700EB8D2C /* Debug */ = {
			isa = XCBuildConfiguration;
			buildSettings = {
				CODE_SIGN_STYLE = Automatic;
				CURRENT_PROJECT_VERSION = 1;
				DEVELOPMENT_TEAM = FX893D85BJ;
				GENERATE_INFOPLIST_FILE = YES;
				MARKETING_VERSION = 1.0;
				PRODUCT_BUNDLE_IDENTIFIER = me.rodger.david.JazzReferenceUITests;
				PRODUCT_NAME = "$(TARGET_NAME)";
				STRING_CATALOG_GENERATE_SYMBOLS = NO;
				SWIFT_APPROACHABLE_CONCURRENCY = YES;
				SWIFT_EMIT_LOC_STRINGS = NO;
				SWIFT_UPCOMING_FEATURE_MEMBER_IMPORT_VISIBILITY = YES;
				SWIFT_VERSION = 5.0;
				TARGETED_DEVICE_FAMILY = "1,2";
				TEST_TARGET_NAME = JazzReference;
			};
			name = Debug;
		};
		B4C160692E91B03700EB8D2C /* Release */ = {
			isa = XCBuildConfiguration;
			buildSettings = {
				CODE_SIGN_STYLE = Automatic;
				CURRENT_PROJECT_VERSION = 1;
				DEVELOPMENT_TEAM = FX893D85BJ;
				GENERATE_INFOPLIST_FILE = YES;
				MARKETING_VERSION = 1.0;
				PRODUCT_BUNDLE_IDENTIFIER = me.rodger.david.JazzReferenceUITests;
				PRODUCT_NAME = "$(TARGET_NAME)";
				STRING_CATALOG_GENERATE_SYMBOLS = NO;
				SWIFT_APPROACHABLE_CONCURRENCY = YES;
				SWIFT_EMIT_LOC_STRINGS = NO;
				SWIFT_UPCOMING_FEATURE_MEMBER_IMPORT_VISIBILITY = YES;
				SWIFT_VERSION = 5.0;
				TARGETED_DEVICE_FAMILY = "1,2";
				TEST_TARGET_NAME = JazzReference;
			};
			name = Release;
		};
/* End XCBuildConfiguration section */

/* Begin XCConfigurationList section */
		B41D0FA12EE6337500DB427C /* Build configuration list for PBXNativeTarget "Approach Note Mac" */ = {
			isa = XCConfigurationList;
			buildConfigurations = (
				B41D0F9F2EE6337500DB427C /* Debug */,
				B41D0FA02EE6337500DB427C /* Release */,
			);
			defaultConfigurationIsVisible = 0;
			defaultConfigurationName = Release;
		};
		B4911D392EB316F700326CA7 /* Build configuration list for PBXNativeTarget "MusicBrainzImporter" */ = {
			isa = XCConfigurationList;
			buildConfigurations = (
				B4911D362EB316F700326CA7 /* Debug */,
				B4911D372EB316F700326CA7 /* Release */,
			);
			defaultConfigurationIsVisible = 0;
			defaultConfigurationName = Release;
		};
		B4C1603B2E91B03600EB8D2C /* Build configuration list for PBXProject "Approach Note" */ = {
			isa = XCConfigurationList;
			buildConfigurations = (
				B4C1605F2E91B03700EB8D2C /* Debug */,
				B4C160602E91B03700EB8D2C /* Release */,
			);
			defaultConfigurationIsVisible = 0;
			defaultConfigurationName = Release;
		};
		B4C160612E91B03700EB8D2C /* Build configuration list for PBXNativeTarget "Approach Note" */ = {
			isa = XCConfigurationList;
			buildConfigurations = (
				B4C160622E91B03700EB8D2C /* Debug */,
				B4C160632E91B03700EB8D2C /* Release */,
			);
			defaultConfigurationIsVisible = 0;
			defaultConfigurationName = Release;
		};
		B4C160642E91B03700EB8D2C /* Build configuration list for PBXNativeTarget "JazzReferenceTests" */ = {
			isa = XCConfigurationList;
			buildConfigurations = (
				B4C160652E91B03700EB8D2C /* Debug */,
				B4C160662E91B03700EB8D2C /* Release */,
			);
			defaultConfigurationIsVisible = 0;
			defaultConfigurationName = Release;
		};
		B4C160672E91B03700EB8D2C /* Build configuration list for PBXNativeTarget "JazzReferenceUITests" */ = {
			isa = XCConfigurationList;
			buildConfigurations = (
				B4C160682E91B03700EB8D2C /* Debug */,
				B4C160692E91B03700EB8D2C /* Release */,
			);
			defaultConfigurationIsVisible = 0;
			defaultConfigurationName = Release;
		};
/* End XCConfigurationList section */

/* Begin XCRemoteSwiftPackageReference section */
		B4C535822ECE5FFF0030A127 /* XCRemoteSwiftPackageReference "GoogleSignIn-iOS" */ = {
			isa = XCRemoteSwiftPackageReference;
			repositoryURL = "https://github.com/google/GoogleSignIn-iOS";
			requirement = {
				kind = upToNextMajorVersion;
				minimumVersion = 9.0.0;
			};
		};
		B4F38C222EC166A800231130 /* XCRemoteSwiftPackageReference "YouTubePlayerKit" */ = {
			isa = XCRemoteSwiftPackageReference;
			repositoryURL = "https://github.com/SvenTiigi/YouTubePlayerKit.git";
			requirement = {
				kind = upToNextMajorVersion;
				minimumVersion = 2.0.4;
			};
		};
/* End XCRemoteSwiftPackageReference section */

/* Begin XCSwiftPackageProductDependency section */
		B45A16AA2F08802C00259452 /* GoogleSignIn */ = {
			isa = XCSwiftPackageProductDependency;
			package = B4C535822ECE5FFF0030A127 /* XCRemoteSwiftPackageReference "GoogleSignIn-iOS" */;
			productName = GoogleSignIn;
		};
		B45A16AC2F08802C00259452 /* GoogleSignInSwift */ = {
			isa = XCSwiftPackageProductDependency;
			package = B4C535822ECE5FFF0030A127 /* XCRemoteSwiftPackageReference "GoogleSignIn-iOS" */;
			productName = GoogleSignInSwift;
		};
		B4C535832ECE5FFF0030A127 /* GoogleSignIn */ = {
			isa = XCSwiftPackageProductDependency;
			package = B4C535822ECE5FFF0030A127 /* XCRemoteSwiftPackageReference "GoogleSignIn-iOS" */;
			productName = GoogleSignIn;
		};
		B4C535852ECE5FFF0030A127 /* GoogleSignInSwift */ = {
			isa = XCSwiftPackageProductDependency;
			package = B4C535822ECE5FFF0030A127 /* XCRemoteSwiftPackageReference "GoogleSignIn-iOS" */;
			productName = GoogleSignInSwift;
		};
		B4F38C232EC166A800231130 /* YouTubePlayerKit */ = {
			isa = XCSwiftPackageProductDependency;
			package = B4F38C222EC166A800231130 /* XCRemoteSwiftPackageReference "YouTubePlayerKit" */;
			productName = YouTubePlayerKit;
		};
/* End XCSwiftPackageProductDependency section */
	};
	rootObject = B4C160382E91B03600EB8D2C /* Project object */;
}
